// !$*UTF8*$!
{
	archiveVersion = 1;
	classes = {
	};
	objectVersion = 46;
	objects = {

/* Begin PBXBuildFile section */
		FB2B9B1D1BE4E4D6004AD703 /* ZYSwipeUpInteractiveTransition.m in Sources */ = {isa = PBXBuildFile; fileRef = FB2B9B1C1BE4E4D6004AD703 /* ZYSwipeUpInteractiveTransition.m */; };
		FB2B9B201BE4ED7D004AD703 /* ZYPopAnimation.m in Sources */ = {isa = PBXBuildFile; fileRef = FB2B9B1F1BE4ED7D004AD703 /* ZYPopAnimation.m */; };
		FB4327621BE4961000FBFABD /* ZYMainViewController.m in Sources */ = {isa = PBXBuildFile; fileRef = FB4327611BE4961000FBFABD /* ZYMainViewController.m */; };
		FB4327681BE4994300FBFABD /* ZYAnimation.m in Sources */ = {isa = PBXBuildFile; fileRef = FB4327671BE4994300FBFABD /* ZYAnimation.m */; };
		FB5C248F1BE3A88E005C9DEE /* main.m in Sources */ = {isa = PBXBuildFile; fileRef = FB5C248E1BE3A88E005C9DEE /* main.m */; };
		FB5C24921BE3A88E005C9DEE /* AppDelegate.m in Sources */ = {isa = PBXBuildFile; fileRef = FB5C24911BE3A88E005C9DEE /* AppDelegate.m */; };
		FB5C24951BE3A88E005C9DEE /* ZYViewController.m in Sources */ = {isa = PBXBuildFile; fileRef = FB5C24941BE3A88E005C9DEE /* ZYViewController.m */; };
		FB5C24981BE3A88E005C9DEE /* Main.storyboard in Resources */ = {isa = PBXBuildFile; fileRef = FB5C24961BE3A88E005C9DEE /* Main.storyboard */; };
		FB5C249A1BE3A88E005C9DEE /* Assets.xcassets in Resources */ = {isa = PBXBuildFile; fileRef = FB5C24991BE3A88E005C9DEE /* Assets.xcassets */; };
		FB5C249D1BE3A88E005C9DEE /* LaunchScreen.storyboard in Resources */ = {isa = PBXBuildFile; fileRef = FB5C249B1BE3A88E005C9DEE /* LaunchScreen.storyboard */; };
		FB5C24A81BE3A88E005C9DEE /* ZYPush_PopAnimationTests.m in Sources */ = {isa = PBXBuildFile; fileRef = FB5C24A71BE3A88E005C9DEE /* ZYPush_PopAnimationTests.m */; };
		FB5C24B31BE3A88E005C9DEE /* ZYPush_PopAnimationUITests.m in Sources */ = {isa = PBXBuildFile; fileRef = FB5C24B21BE3A88E005C9DEE /* ZYPush_PopAnimationUITests.m */; };
/* End PBXBuildFile section */

/* Begin PBXContainerItemProxy section */
		FB5C24A41BE3A88E005C9DEE /* PBXContainerItemProxy */ = {
			isa = PBXContainerItemProxy;
			containerPortal = FB5C24821BE3A88D005C9DEE /* Project object */;
			proxyType = 1;
			remoteGlobalIDString = FB5C24891BE3A88E005C9DEE;
			remoteInfo = "ZYPush&PopAnimation";
		};
		FB5C24AF1BE3A88E005C9DEE /* PBXContainerItemProxy */ = {
			isa = PBXContainerItemProxy;
			containerPortal = FB5C24821BE3A88D005C9DEE /* Project object */;
			proxyType = 1;
			remoteGlobalIDString = FB5C24891BE3A88E005C9DEE;
			remoteInfo = "ZYPush&PopAnimation";
		};
/* End PBXContainerItemProxy section */

/* Begin PBXFileReference section */
		FB2B9B1B1BE4E4D6004AD703 /* ZYSwipeUpInteractiveTransition.h */ = {isa = PBXFileReference; fileEncoding = 4; lastKnownFileType = sourcecode.c.h; path = ZYSwipeUpInteractiveTransition.h; sourceTree = "<group>"; };
		FB2B9B1C1BE4E4D6004AD703 /* ZYSwipeUpInteractiveTransition.m */ = {isa = PBXFileReference; fileEncoding = 4; lastKnownFileType = sourcecode.c.objc; path = ZYSwipeUpInteractiveTransition.m; sourceTree = "<group>"; };
		FB2B9B1E1BE4ED7D004AD703 /* ZYPopAnimation.h */ = {isa = PBXFileReference; fileEncoding = 4; lastKnownFileType = sourcecode.c.h; path = ZYPopAnimation.h; sourceTree = "<group>"; };
		FB2B9B1F1BE4ED7D004AD703 /* ZYPopAnimation.m */ = {isa = PBXFileReference; fileEncoding = 4; lastKnownFileType = sourcecode.c.objc; path = ZYPopAnimation.m; sourceTree = "<group>"; };
		FB4327601BE4961000FBFABD /* ZYMainViewController.h */ = {isa = PBXFileReference; fileEncoding = 4; lastKnownFileType = sourcecode.c.h; path = ZYMainViewController.h; sourceTree = "<group>"; };
		FB4327611BE4961000FBFABD /* ZYMainViewController.m */ = {isa = PBXFileReference; fileEncoding = 4; lastKnownFileType = sourcecode.c.objc; path = ZYMainViewController.m; sourceTree = "<group>"; };
		FB4327661BE4994300FBFABD /* ZYAnimation.h */ = {isa = PBXFileReference; fileEncoding = 4; lastKnownFileType = sourcecode.c.h; path = ZYAnimation.h; sourceTree = "<group>"; };
		FB4327671BE4994300FBFABD /* ZYAnimation.m */ = {isa = PBXFileReference; fileEncoding = 4; lastKnownFileType = sourcecode.c.objc; path = ZYAnimation.m; sourceTree = "<group>"; };
		FB43276C1BE4A18100FBFABD /* PrefixHeader.pch */ = {isa = PBXFileReference; lastKnownFileType = sourcecode.c.h; path = PrefixHeader.pch; sourceTree = "<group>"; };
		FB5C248A1BE3A88E005C9DEE /* ZYPush&PopAnimation.app */ = {isa = PBXFileReference; explicitFileType = wrapper.application; includeInIndex = 0; path = "ZYPush&PopAnimation.app"; sourceTree = BUILT_PRODUCTS_DIR; };
		FB5C248E1BE3A88E005C9DEE /* main.m */ = {isa = PBXFileReference; lastKnownFileType = sourcecode.c.objc; path = main.m; sourceTree = "<group>"; };
		FB5C24901BE3A88E005C9DEE /* AppDelegate.h */ = {isa = PBXFileReference; lastKnownFileType = sourcecode.c.h; path = AppDelegate.h; sourceTree = "<group>"; };
		FB5C24911BE3A88E005C9DEE /* AppDelegate.m */ = {isa = PBXFileReference; lastKnownFileType = sourcecode.c.objc; path = AppDelegate.m; sourceTree = "<group>"; };
		FB5C24931BE3A88E005C9DEE /* ZYViewController.h */ = {isa = PBXFileReference; lastKnownFileType = sourcecode.c.h; path = ZYViewController.h; sourceTree = "<group>"; };
		FB5C24941BE3A88E005C9DEE /* ZYViewController.m */ = {isa = PBXFileReference; lastKnownFileType = sourcecode.c.objc; path = ZYViewController.m; sourceTree = "<group>"; };
		FB5C24971BE3A88E005C9DEE /* Base */ = {isa = PBXFileReference; lastKnownFileType = file.storyboard; name = Base; path = Base.lproj/Main.storyboard; sourceTree = "<group>"; };
		FB5C24991BE3A88E005C9DEE /* Assets.xcassets */ = {isa = PBXFileReference; lastKnownFileType = folder.assetcatalog; path = Assets.xcassets; sourceTree = "<group>"; };
		FB5C249C1BE3A88E005C9DEE /* Base */ = {isa = PBXFileReference; lastKnownFileType = file.storyboard; name = Base; path = Base.lproj/LaunchScreen.storyboard; sourceTree = "<group>"; };
		FB5C249E1BE3A88E005C9DEE /* Info.plist */ = {isa = PBXFileReference; lastKnownFileType = text.plist.xml; path = Info.plist; sourceTree = "<group>"; };
		FB5C24A31BE3A88E005C9DEE /* ZYPush&PopAnimationTests.xctest */ = {isa = PBXFileReference; explicitFileType = wrapper.cfbundle; includeInIndex = 0; path = "ZYPush&PopAnimationTests.xctest"; sourceTree = BUILT_PRODUCTS_DIR; };
		FB5C24A71BE3A88E005C9DEE /* ZYPush_PopAnimationTests.m */ = {isa = PBXFileReference; lastKnownFileType = sourcecode.c.objc; path = ZYPush_PopAnimationTests.m; sourceTree = "<group>"; };
		FB5C24A91BE3A88E005C9DEE /* Info.plist */ = {isa = PBXFileReference; lastKnownFileType = text.plist.xml; path = Info.plist; sourceTree = "<group>"; };
		FB5C24AE1BE3A88E005C9DEE /* ZYPush&PopAnimationUITests.xctest */ = {isa = PBXFileReference; explicitFileType = wrapper.cfbundle; includeInIndex = 0; path = "ZYPush&PopAnimationUITests.xctest"; sourceTree = BUILT_PRODUCTS_DIR; };
		FB5C24B21BE3A88E005C9DEE /* ZYPush_PopAnimationUITests.m */ = {isa = PBXFileReference; lastKnownFileType = sourcecode.c.objc; path = ZYPush_PopAnimationUITests.m; sourceTree = "<group>"; };
		FB5C24B41BE3A88E005C9DEE /* Info.plist */ = {isa = PBXFileReference; lastKnownFileType = text.plist.xml; path = Info.plist; sourceTree = "<group>"; };
/* End PBXFileReference section */

/* Begin PBXFrameworksBuildPhase section */
		FB5C24871BE3A88E005C9DEE /* Frameworks */ = {
			isa = PBXFrameworksBuildPhase;
			buildActionMask = 2147483647;
			files = (
			);
			runOnlyForDeploymentPostprocessing = 0;
		};
		FB5C24A01BE3A88E005C9DEE /* Frameworks */ = {
			isa = PBXFrameworksBuildPhase;
			buildActionMask = 2147483647;
			files = (
			);
			runOnlyForDeploymentPostprocessing = 0;
		};
		FB5C24AB1BE3A88E005C9DEE /* Frameworks */ = {
			isa = PBXFrameworksBuildPhase;
			buildActionMask = 2147483647;
			files = (
			);
			runOnlyForDeploymentPostprocessing = 0;
		};
/* End PBXFrameworksBuildPhase section */

/* Begin PBXGroup section */
		FB5C24811BE3A88D005C9DEE = {
			isa = PBXGroup;
			children = (
				FB5C248C1BE3A88E005C9DEE /* ZYPush&PopAnimation */,
				FB5C24A61BE3A88E005C9DEE /* ZYPush&PopAnimationTests */,
				FB5C24B11BE3A88E005C9DEE /* ZYPush&PopAnimationUITests */,
				FB5C248B1BE3A88E005C9DEE /* Products */,
			);
			sourceTree = "<group>";
		};
		FB5C248B1BE3A88E005C9DEE /* Products */ = {
			isa = PBXGroup;
			children = (
				FB5C248A1BE3A88E005C9DEE /* ZYPush&PopAnimation.app */,
				FB5C24A31BE3A88E005C9DEE /* ZYPush&PopAnimationTests.xctest */,
				FB5C24AE1BE3A88E005C9DEE /* ZYPush&PopAnimationUITests.xctest */,
			);
			name = Products;
			sourceTree = "<group>";
		};
		FB5C248C1BE3A88E005C9DEE /* ZYPush&PopAnimation */ = {
			isa = PBXGroup;
			children = (
				FB5C24C01BE3A8C0005C9DEE /* Class */,
				FB5C248D1BE3A88E005C9DEE /* Supporting Files */,
			);
			path = "ZYPush&PopAnimation";
			sourceTree = "<group>";
		};
		FB5C248D1BE3A88E005C9DEE /* Supporting Files */ = {
			isa = PBXGroup;
			children = (
				FB5C24961BE3A88E005C9DEE /* Main.storyboard */,
				FB5C24991BE3A88E005C9DEE /* Assets.xcassets */,
				FB5C249B1BE3A88E005C9DEE /* LaunchScreen.storyboard */,
				FB5C249E1BE3A88E005C9DEE /* Info.plist */,
				FB5C248E1BE3A88E005C9DEE /* main.m */,
				FB43276C1BE4A18100FBFABD /* PrefixHeader.pch */,
			);
			name = "Supporting Files";
			sourceTree = "<group>";
		};
		FB5C24A61BE3A88E005C9DEE /* ZYPush&PopAnimationTests */ = {
			isa = PBXGroup;
			children = (
				FB5C24A71BE3A88E005C9DEE /* ZYPush_PopAnimationTests.m */,
				FB5C24A91BE3A88E005C9DEE /* Info.plist */,
			);
			path = "ZYPush&PopAnimationTests";
			sourceTree = "<group>";
		};
		FB5C24B11BE3A88E005C9DEE /* ZYPush&PopAnimationUITests */ = {
			isa = PBXGroup;
			children = (
				FB5C24B21BE3A88E005C9DEE /* ZYPush_PopAnimationUITests.m */,
				FB5C24B41BE3A88E005C9DEE /* Info.plist */,
			);
			path = "ZYPush&PopAnimationUITests";
			sourceTree = "<group>";
		};
		FB5C24C01BE3A8C0005C9DEE /* Class */ = {
			isa = PBXGroup;
			children = (
				FB5C24C21BE3A8FB005C9DEE /* Main */,
				FB5C24C11BE3A8CE005C9DEE /* Other */,
			);
			name = Class;
			sourceTree = "<group>";
		};
		FB5C24C11BE3A8CE005C9DEE /* Other */ = {
			isa = PBXGroup;
			children = (
				FB5C24901BE3A88E005C9DEE /* AppDelegate.h */,
				FB5C24911BE3A88E005C9DEE /* AppDelegate.m */,
			);
			name = Other;
			sourceTree = "<group>";
		};
		FB5C24C21BE3A8FB005C9DEE /* Main */ = {
			isa = PBXGroup;
			children = (
				FB4327601BE4961000FBFABD /* ZYMainViewController.h */,
				FB4327611BE4961000FBFABD /* ZYMainViewController.m */,
				FB5C24931BE3A88E005C9DEE /* ZYViewController.h */,
				FB5C24941BE3A88E005C9DEE /* ZYViewController.m */,
				FB4327661BE4994300FBFABD /* ZYAnimation.h */,
				FB4327671BE4994300FBFABD /* ZYAnimation.m */,
				FB2B9B1E1BE4ED7D004AD703 /* ZYPopAnimation.h */,
				FB2B9B1F1BE4ED7D004AD703 /* ZYPopAnimation.m */,
				FB2B9B1B1BE4E4D6004AD703 /* ZYSwipeUpInteractiveTransition.h */,
				FB2B9B1C1BE4E4D6004AD703 /* ZYSwipeUpInteractiveTransition.m */,
			);
			name = Main;
			sourceTree = "<group>";
		};
/* End PBXGroup section */

/* Begin PBXNativeTarget section */
		FB5C24891BE3A88E005C9DEE /* ZYPush&PopAnimation */ = {
			isa = PBXNativeTarget;
			buildConfigurationList = FB5C24B71BE3A88E005C9DEE /* Build configuration list for PBXNativeTarget "ZYPush&PopAnimation" */;
			buildPhases = (
				FB5C24861BE3A88E005C9DEE /* Sources */,
				FB5C24871BE3A88E005C9DEE /* Frameworks */,
				FB5C24881BE3A88E005C9DEE /* Resources */,
			);
			buildRules = (
			);
			dependencies = (
			);
			name = "ZYPush&PopAnimation";
			productName = "ZYPush&PopAnimation";
			productReference = FB5C248A1BE3A88E005C9DEE /* ZYPush&PopAnimation.app */;
			productType = "com.apple.product-type.application";
		};
		FB5C24A21BE3A88E005C9DEE /* ZYPush&PopAnimationTests */ = {
			isa = PBXNativeTarget;
			buildConfigurationList = FB5C24BA1BE3A88E005C9DEE /* Build configuration list for PBXNativeTarget "ZYPush&PopAnimationTests" */;
			buildPhases = (
				FB5C249F1BE3A88E005C9DEE /* Sources */,
				FB5C24A01BE3A88E005C9DEE /* Frameworks */,
				FB5C24A11BE3A88E005C9DEE /* Resources */,
			);
			buildRules = (
			);
			dependencies = (
				FB5C24A51BE3A88E005C9DEE /* PBXTargetDependency */,
			);
			name = "ZYPush&PopAnimationTests";
			productName = "ZYPush&PopAnimationTests";
			productReference = FB5C24A31BE3A88E005C9DEE /* ZYPush&PopAnimationTests.xctest */;
			productType = "com.apple.product-type.bundle.unit-test";
		};
		FB5C24AD1BE3A88E005C9DEE /* ZYPush&PopAnimationUITests */ = {
			isa = PBXNativeTarget;
			buildConfigurationList = FB5C24BD1BE3A88E005C9DEE /* Build configuration list for PBXNativeTarget "ZYPush&PopAnimationUITests" */;
			buildPhases = (
				FB5C24AA1BE3A88E005C9DEE /* Sources */,
				FB5C24AB1BE3A88E005C9DEE /* Frameworks */,
				FB5C24AC1BE3A88E005C9DEE /* Resources */,
			);
			buildRules = (
			);
			dependencies = (
				FB5C24B01BE3A88E005C9DEE /* PBXTargetDependency */,
			);
			name = "ZYPush&PopAnimationUITests";
			productName = "ZYPush&PopAnimationUITests";
			productReference = FB5C24AE1BE3A88E005C9DEE /* ZYPush&PopAnimationUITests.xctest */;
			productType = "com.apple.product-type.bundle.ui-testing";
		};
/* End PBXNativeTarget section */

/* Begin PBXProject section */
		FB5C24821BE3A88D005C9DEE /* Project object */ = {
			isa = PBXProject;
			attributes = {
				CLASSPREFIX = ZY;
				LastUpgradeCheck = 0710;
				ORGANIZATIONNAME = ZhYu;
				TargetAttributes = {
					FB5C24891BE3A88E005C9DEE = {
						CreatedOnToolsVersion = 7.1;
						DevelopmentTeam = 9S6VEWBR5C;
					};
					FB5C24A21BE3A88E005C9DEE = {
						CreatedOnToolsVersion = 7.1;
						TestTargetID = FB5C24891BE3A88E005C9DEE;
					};
					FB5C24AD1BE3A88E005C9DEE = {
						CreatedOnToolsVersion = 7.1;
						TestTargetID = FB5C24891BE3A88E005C9DEE;
					};
				};
			};
			buildConfigurationList = FB5C24851BE3A88D005C9DEE /* Build configuration list for PBXProject "ZYPush&PopAnimation" */;
			compatibilityVersion = "Xcode 3.2";
			developmentRegion = English;
			hasScannedForEncodings = 0;
			knownRegions = (
				en,
				Base,
			);
			mainGroup = FB5C24811BE3A88D005C9DEE;
			productRefGroup = FB5C248B1BE3A88E005C9DEE /* Products */;
			projectDirPath = "";
			projectRoot = "";
			targets = (
				FB5C24891BE3A88E005C9DEE /* ZYPush&PopAnimation */,
				FB5C24A21BE3A88E005C9DEE /* ZYPush&PopAnimationTests */,
				FB5C24AD1BE3A88E005C9DEE /* ZYPush&PopAnimationUITests */,
			);
		};
/* End PBXProject section */

/* Begin PBXResourcesBuildPhase section */
		FB5C24881BE3A88E005C9DEE /* Resources */ = {
			isa = PBXResourcesBuildPhase;
			buildActionMask = 2147483647;
			files = (
				FB5C249D1BE3A88E005C9DEE /* LaunchScreen.storyboard in Resources */,
				FB5C249A1BE3A88E005C9DEE /* Assets.xcassets in Resources */,
				FB5C24981BE3A88E005C9DEE /* Main.storyboard in Resources */,
			);
			runOnlyForDeploymentPostprocessing = 0;
		};
		FB5C24A11BE3A88E005C9DEE /* Resources */ = {
			isa = PBXResourcesBuildPhase;
			buildActionMask = 2147483647;
			files = (
			);
			runOnlyForDeploymentPostprocessing = 0;
		};
		FB5C24AC1BE3A88E005C9DEE /* Resources */ = {
			isa = PBXResourcesBuildPhase;
			buildActionMask = 2147483647;
			files = (
			);
			runOnlyForDeploymentPostprocessing = 0;
		};
/* End PBXResourcesBuildPhase section */

/* Begin PBXSourcesBuildPhase section */
		FB5C24861BE3A88E005C9DEE /* Sources */ = {
			isa = PBXSourcesBuildPhase;
			buildActionMask = 2147483647;
			files = (
				FB4327621BE4961000FBFABD /* ZYMainViewController.m in Sources */,
				FB5C24951BE3A88E005C9DEE /* ZYViewController.m in Sources */,
				FB4327681BE4994300FBFABD /* ZYAnimation.m in Sources */,
				FB5C24921BE3A88E005C9DEE /* AppDelegate.m in Sources */,
				FB2B9B201BE4ED7D004AD703 /* ZYPopAnimation.m in Sources */,
				FB2B9B1D1BE4E4D6004AD703 /* ZYSwipeUpInteractiveTransition.m in Sources */,
				FB5C248F1BE3A88E005C9DEE /* main.m in Sources */,
			);
			runOnlyForDeploymentPostprocessing = 0;
		};
		FB5C249F1BE3A88E005C9DEE /* Sources */ = {
			isa = PBXSourcesBuildPhase;
			buildActionMask = 2147483647;
			files = (
				FB5C24A81BE3A88E005C9DEE /* ZYPush_PopAnimationTests.m in Sources */,
			);
			runOnlyForDeploymentPostprocessing = 0;
		};
		FB5C24AA1BE3A88E005C9DEE /* Sources */ = {
			isa = PBXSourcesBuildPhase;
			buildActionMask = 2147483647;
			files = (
				FB5C24B31BE3A88E005C9DEE /* ZYPush_PopAnimationUITests.m in Sources */,
			);
			runOnlyForDeploymentPostprocessing = 0;
		};
/* End PBXSourcesBuildPhase section */

/* Begin PBXTargetDependency section */
		FB5C24A51BE3A88E005C9DEE /* PBXTargetDependency */ = {
			isa = PBXTargetDependency;
			target = FB5C24891BE3A88E005C9DEE /* ZYPush&PopAnimation */;
			targetProxy = FB5C24A41BE3A88E005C9DEE /* PBXContainerItemProxy */;
		};
		FB5C24B01BE3A88E005C9DEE /* PBXTargetDependency */ = {
			isa = PBXTargetDependency;
			target = FB5C24891BE3A88E005C9DEE /* ZYPush&PopAnimation */;
			targetProxy = FB5C24AF1BE3A88E005C9DEE /* PBXContainerItemProxy */;
		};
/* End PBXTargetDependency section */

/* Begin PBXVariantGroup section */
		FB5C24961BE3A88E005C9DEE /* Main.storyboard */ = {
			isa = PBXVariantGroup;
			children = (
				FB5C24971BE3A88E005C9DEE /* Base */,
			);
			name = Main.storyboard;
			sourceTree = "<group>";
		};
		FB5C249B1BE3A88E005C9DEE /* LaunchScreen.storyboard */ = {
			isa = PBXVariantGroup;
			children = (
				FB5C249C1BE3A88E005C9DEE /* Base */,
			);
			name = LaunchScreen.storyboard;
			sourceTree = "<group>";
		};
/* End PBXVariantGroup section */

/* Begin XCBuildConfiguration section */
		FB5C24B51BE3A88E005C9DEE /* Debug */ = {
			isa = XCBuildConfiguration;
			buildSettings = {
				ALWAYS_SEARCH_USER_PATHS = NO;
				CLANG_CXX_LANGUAGE_STANDARD = "gnu++0x";
				CLANG_CXX_LIBRARY = "libc++";
				CLANG_ENABLE_MODULES = YES;
				CLANG_ENABLE_OBJC_ARC = YES;
				CLANG_WARN_BOOL_CONVERSION = YES;
				CLANG_WARN_CONSTANT_CONVERSION = YES;
				CLANG_WARN_DIRECT_OBJC_ISA_USAGE = YES_ERROR;
				CLANG_WARN_EMPTY_BODY = YES;
				CLANG_WARN_ENUM_CONVERSION = YES;
				CLANG_WARN_INT_CONVERSION = YES;
				CLANG_WARN_OBJC_ROOT_CLASS = YES_ERROR;
				CLANG_WARN_UNREACHABLE_CODE = YES;
				CLANG_WARN__DUPLICATE_METHOD_MATCH = YES;
				"CODE_SIGN_IDENTITY[sdk=iphoneos*]" = "iPhone Developer";
				COPY_PHASE_STRIP = NO;
				DEBUG_INFORMATION_FORMAT = dwarf;
				ENABLE_STRICT_OBJC_MSGSEND = YES;
				ENABLE_TESTABILITY = YES;
				GCC_C_LANGUAGE_STANDARD = gnu99;
				GCC_DYNAMIC_NO_PIC = NO;
				GCC_NO_COMMON_BLOCKS = YES;
				GCC_OPTIMIZATION_LEVEL = 0;
				GCC_PREPROCESSOR_DEFINITIONS = (
					"DEBUG=1",
					"$(inherited)",
				);
				GCC_WARN_64_TO_32_BIT_CONVERSION = YES;
				GCC_WARN_ABOUT_RETURN_TYPE = YES_ERROR;
				GCC_WARN_UNDECLARED_SELECTOR = YES;
				GCC_WARN_UNINITIALIZED_AUTOS = YES_AGGRESSIVE;
				GCC_WARN_UNUSED_FUNCTION = YES;
				GCC_WARN_UNUSED_VARIABLE = YES;
				IPHONEOS_DEPLOYMENT_TARGET = 9.1;
				MTL_ENABLE_DEBUG_INFO = YES;
				ONLY_ACTIVE_ARCH = YES;
				SDKROOT = iphoneos;
			};
			name = Debug;
		};
		FB5C24B61BE3A88E005C9DEE /* Release */ = {
			isa = XCBuildConfiguration;
			buildSettings = {
				ALWAYS_SEARCH_USER_PATHS = NO;
				CLANG_CXX_LANGUAGE_STANDARD = "gnu++0x";
				CLANG_CXX_LIBRARY = "libc++";
				CLANG_ENABLE_MODULES = YES;
				CLANG_ENABLE_OBJC_ARC = YES;
				CLANG_WARN_BOOL_CONVERSION = YES;
				CLANG_WARN_CONSTANT_CONVERSION = YES;
				CLANG_WARN_DIRECT_OBJC_ISA_USAGE = YES_ERROR;
				CLANG_WARN_EMPTY_BODY = YES;
				CLANG_WARN_ENUM_CONVERSION = YES;
				CLANG_WARN_INT_CONVERSION = YES;
				CLANG_WARN_OBJC_ROOT_CLASS = YES_ERROR;
				CLANG_WARN_UNREACHABLE_CODE = YES;
				CLANG_WARN__DUPLICATE_METHOD_MATCH = YES;
				"CODE_SIGN_IDENTITY[sdk=iphoneos*]" = "iPhone Developer";
				COPY_PHASE_STRIP = NO;
				DEBUG_INFORMATION_FORMAT = "dwarf-with-dsym";
				ENABLE_NS_ASSERTIONS = NO;
				ENABLE_STRICT_OBJC_MSGSEND = YES;
				GCC_C_LANGUAGE_STANDARD = gnu99;
				GCC_NO_COMMON_BLOCKS = YES;
				GCC_WARN_64_TO_32_BIT_CONVERSION = YES;
				GCC_WARN_ABOUT_RETURN_TYPE = YES_ERROR;
				GCC_WARN_UNDECLARED_SELECTOR = YES;
				GCC_WARN_UNINITIALIZED_AUTOS = YES_AGGRESSIVE;
				GCC_WARN_UNUSED_FUNCTION = YES;
				GCC_WARN_UNUSED_VARIABLE = YES;
				IPHONEOS_DEPLOYMENT_TARGET = 9.1;
				MTL_ENABLE_DEBUG_INFO = NO;
				SDKROOT = iphoneos;
				VALIDATE_PRODUCT = YES;
			};
			name = Release;
		};
		FB5C24B81BE3A88E005C9DEE /* Debug */ = {
			isa = XCBuildConfiguration;
			buildSettings = {
				ASSETCATALOG_COMPILER_APPICON_NAME = AppIcon;
				CODE_SIGN_IDENTITY = "iPhone Developer";
				INFOPLIST_FILE = "ZYPush&PopAnimation/Info.plist";
				LD_RUNPATH_SEARCH_PATHS = "$(inherited) @executable_path/Frameworks";
				PRODUCT_BUNDLE_IDENTIFIER = "Zhyu37.ZYPush-PopAnimation";
				PRODUCT_NAME = "$(TARGET_NAME)";
			};
			name = Debug;
		};
		FB5C24B91BE3A88E005C9DEE /* Release */ = {
			isa = XCBuildConfiguration;
			buildSettings = {
				ASSETCATALOG_COMPILER_APPICON_NAME = AppIcon;
				CODE_SIGN_IDENTITY = "iPhone Developer";
				INFOPLIST_FILE = "ZYPush&PopAnimation/Info.plist";
				LD_RUNPATH_SEARCH_PATHS = "$(inherited) @executable_path/Frameworks";
				PRODUCT_BUNDLE_IDENTIFIER = "Zhyu37.ZYPush-PopAnimation";
				PRODUCT_NAME = "$(TARGET_NAME)";
			};
			name = Release;
		};
		FB5C24BB1BE3A88E005C9DEE /* Debug */ = {
			isa = XCBuildConfiguration;
			buildSettings = {
				BUNDLE_LOADER = "$(TEST_HOST)";
				INFOPLIST_FILE = "ZYPush&PopAnimationTests/Info.plist";
				LD_RUNPATH_SEARCH_PATHS = "$(inherited) @executable_path/Frameworks @loader_path/Frameworks";
				PRODUCT_BUNDLE_IDENTIFIER = "Zhyu37.ZYPush-PopAnimationTests";
				PRODUCT_NAME = "$(TARGET_NAME)";
				TEST_HOST = "$(BUILT_PRODUCTS_DIR)/ZYPush&PopAnimation.app/ZYPush&PopAnimation";
			};
			name = Debug;
		};
		FB5C24BC1BE3A88E005C9DEE /* Release */ = {
			isa = XCBuildConfiguration;
			buildSettings = {
				BUNDLE_LOADER = "$(TEST_HOST)";
				INFOPLIST_FILE = "ZYPush&PopAnimationTests/Info.plist";
				LD_RUNPATH_SEARCH_PATHS = "$(inherited) @executable_path/Frameworks @loader_path/Frameworks";
				PRODUCT_BUNDLE_IDENTIFIER = "Zhyu37.ZYPush-PopAnimationTests";
				PRODUCT_NAME = "$(TARGET_NAME)";
				TEST_HOST = "$(BUILT_PRODUCTS_DIR)/ZYPush&PopAnimation.app/ZYPush&PopAnimation";
			};
			name = Release;
		};
		FB5C24BE1BE3A88E005C9DEE /* Debug */ = {
			isa = XCBuildConfiguration;
			buildSettings = {
				INFOPLIST_FILE = "ZYPush&PopAnimationUITests/Info.plist";
				LD_RUNPATH_SEARCH_PATHS = "$(inherited) @executable_path/Frameworks @loader_path/Frameworks";
				PRODUCT_BUNDLE_IDENTIFIER = "Zhyu37.ZYPush-PopAnimationUITests";
				PRODUCT_NAME = "$(TARGET_NAME)";
				TEST_TARGET_NAME = "ZYPush&PopAnimation";
				USES_XCTRUNNER = YES;
			};
			name = Debug;
		};
		FB5C24BF1BE3A88E005C9DEE /* Release */ = {
			isa = XCBuildConfiguration;
			buildSettings = {
				INFOPLIST_FILE = "ZYPush&PopAnimationUITests/Info.plist";
				LD_RUNPATH_SEARCH_PATHS = "$(inherited) @executable_path/Frameworks @loader_path/Frameworks";
				PRODUCT_BUNDLE_IDENTIFIER = "Zhyu37.ZYPush-PopAnimationUITests";
				PRODUCT_NAME = "$(TARGET_NAME)";
				TEST_TARGET_NAME = "ZYPush&PopAnimation";
				USES_XCTRUNNER = YES;
			};
			name = Release;
		};
/* End XCBuildConfiguration section */

/* Begin XCConfigurationList section */
		FB5C24851BE3A88D005C9DEE /* Build configuration list for PBXProject "ZYPush&PopAnimation" */ = {
			isa = XCConfigurationList;
			buildConfigurations = (
				FB5C24B51BE3A88E005C9DEE /* Debug */,
				FB5C24B61BE3A88E005C9DEE /* Release */,
			);
			defaultConfigurationIsVisible = 0;
			defaultConfigurationName = Release;
		};
		FB5C24B71BE3A88E005C9DEE /* Build configuration list for PBXNativeTarget "ZYPush&PopAnimation" */ = {
			isa = XCConfigurationList;
			buildConfigurations = (
				FB5C24B81BE3A88E005C9DEE /* Debug */,
				FB5C24B91BE3A88E005C9DEE /* Release */,
			);
			defaultConfigurationIsVisible = 0;
			defaultConfigurationName = Release;
		};
		FB5C24BA1BE3A88E005C9DEE /* Build configuration list for PBXNativeTarget "ZYPush&PopAnimationTests" */ = {
			isa = XCConfigurationList;
			buildConfigurations = (
				FB5C24BB1BE3A88E005C9DEE /* Debug */,
				FB5C24BC1BE3A88E005C9DEE /* Release */,
			);
			defaultConfigurationIsVisible = 0;
			defaultConfigurationName = Release;
		};
		FB5C24BD1BE3A88E005C9DEE /* Build configuration list for PBXNativeTarget "ZYPush&PopAnimationUITests" */ = {
			isa = XCConfigurationList;
			buildConfigurations = (
				FB5C24BE1BE3A88E005C9DEE /* Debug */,
				FB5C24BF1BE3A88E005C9DEE /* Release */,
			);
			defaultConfigurationIsVisible = 0;
			defaultConfigurationName = Release;
		};
/* End XCConfigurationList section */
	};
	rootObject = FB5C24821BE3A88D005C9DEE /* Project object */;
}
